// !$*UTF8*$!
{
	archiveVersion = 1;
	classes = {
	};
	objectVersion = 50;
	objects = {

/* Begin PBXBuildFile section */
		3FA43EC623AC40F8005E320F /* AppDelegate.swift in Sources */ = {isa = PBXBuildFile; fileRef = 3FA43EC523AC40F8005E320F /* AppDelegate.swift */; };
		3FA43EC823AC40F8005E320F /* SceneDelegate.swift in Sources */ = {isa = PBXBuildFile; fileRef = 3FA43EC723AC40F8005E320F /* SceneDelegate.swift */; };
		3FA43ECA23AC40F8005E320F /* ViewController.swift in Sources */ = {isa = PBXBuildFile; fileRef = 3FA43EC923AC40F8005E320F /* ViewController.swift */; };
		3FA43ECD23AC40F8005E320F /* Main.storyboard in Resources */ = {isa = PBXBuildFile; fileRef = 3FA43ECB23AC40F8005E320F /* Main.storyboard */; };
		3FA43ECF23AC40FD005E320F /* Assets.xcassets in Resources */ = {isa = PBXBuildFile; fileRef = 3FA43ECE23AC40FD005E320F /* Assets.xcassets */; };
		3FA43ED223AC40FD005E320F /* LaunchScreen.storyboard in Resources */ = {isa = PBXBuildFile; fileRef = 3FA43ED023AC40FD005E320F /* LaunchScreen.storyboard */; };
		3FA43EDA23AC4E79005E320F /* FlagDetailViewController.swift in Sources */ = {isa = PBXBuildFile; fileRef = 3FA43ED923AC4E79005E320F /* FlagDetailViewController.swift */; };
/* End PBXBuildFile section */

/* Begin PBXFileReference section */
		3FA43EC223AC40F8005E320F /* project3review.app */ = {isa = PBXFileReference; explicitFileType = wrapper.application; includeInIndex = 0; path = project3review.app; sourceTree = BUILT_PRODUCTS_DIR; };
		3FA43EC523AC40F8005E320F /* AppDelegate.swift */ = {isa = PBXFileReference; lastKnownFileType = sourcecode.swift; path = AppDelegate.swift; sourceTree = "<group>"; };
		3FA43EC723AC40F8005E320F /* SceneDelegate.swift */ = {isa = PBXFileReference; lastKnownFileType = sourcecode.swift; path = SceneDelegate.swift; sourceTree = "<group>"; };
		3FA43EC923AC40F8005E320F /* ViewController.swift */ = {isa = PBXFileReference; lastKnownFileType = sourcecode.swift; path = ViewController.swift; sourceTree = "<group>"; };
		3FA43ECC23AC40F8005E320F /* Base */ = {isa = PBXFileReference; lastKnownFileType = file.storyboard; name = Base; path = Base.lproj/Main.storyboard; sourceTree = "<group>"; };
		3FA43ECE23AC40FD005E320F /* Assets.xcassets */ = {isa = PBXFileReference; lastKnownFileType = folder.assetcatalog; path = Assets.xcassets; sourceTree = "<group>"; };
		3FA43ED123AC40FD005E320F /* Base */ = {isa = PBXFileReference; lastKnownFileType = file.storyboard; name = Base; path = Base.lproj/LaunchScreen.storyboard; sourceTree = "<group>"; };
		3FA43ED323AC40FD005E320F /* Info.plist */ = {isa = PBXFileReference; lastKnownFileType = text.plist.xml; path = Info.plist; sourceTree = "<group>"; };
		3FA43ED923AC4E79005E320F /* FlagDetailViewController.swift */ = {isa = PBXFileReference; lastKnownFileType = sourcecode.swift; path = FlagDetailViewController.swift; sourceTree = "<group>"; };
/* End PBXFileReference section */

/* Begin PBXFrameworksBuildPhase section */
		3FA43EBF23AC40F8005E320F /* Frameworks */ = {
			isa = PBXFrameworksBuildPhase;
			buildActionMask = 2147483647;
			files = (
			);
			runOnlyForDeploymentPostprocessing = 0;
		};
/* End PBXFrameworksBuildPhase section */

/* Begin PBXGroup section */
		3FA43EB923AC40F8005E320F = {
			isa = PBXGroup;
			children = (
				3FA43EC423AC40F8005E320F /* project3review */,
				3FA43EC323AC40F8005E320F /* Products */,
			);
			sourceTree = "<group>";
		};
		3FA43EC323AC40F8005E320F /* Products */ = {
			isa = PBXGroup;
			children = (
				3FA43EC223AC40F8005E320F /* project3review.app */,
			);
			name = Products;
			sourceTree = "<group>";
		};
		3FA43EC423AC40F8005E320F /* project3review */ = {
			isa = PBXGroup;
			children = (
				3FA43EC523AC40F8005E320F /* AppDelegate.swift */,
				3FA43EC723AC40F8005E320F /* SceneDelegate.swift */,
				3FA43EC923AC40F8005E320F /* ViewController.swift */,
				3FA43ED923AC4E79005E320F /* FlagDetailViewController.swift */,
				3FA43ECB23AC40F8005E320F /* Main.storyboard */,
				3FA43ECE23AC40FD005E320F /* Assets.xcassets */,
				3FA43ED023AC40FD005E320F /* LaunchScreen.storyboard */,
				3FA43ED323AC40FD005E320F /* Info.plist */,
			);
			path = project3review;
			sourceTree = "<group>";
		};
/* End PBXGroup section */

/* Begin PBXNativeTarget section */
		3FA43EC123AC40F8005E320F /* project3review */ = {
			isa = PBXNativeTarget;
			buildConfigurationList = 3FA43ED623AC40FD005E320F /* Build configuration list for PBXNativeTarget "project3review" */;
			buildPhases = (
				3FA43EBE23AC40F8005E320F /* Sources */,
				3FA43EBF23AC40F8005E320F /* Frameworks */,
				3FA43EC023AC40F8005E320F /* Resources */,
			);
			buildRules = (
			);
			dependencies = (
			);
			name = project3review;
			productName = project3review;
			productReference = 3FA43EC223AC40F8005E320F /* project3review.app */;
			productType = "com.apple.product-type.application";
		};
/* End PBXNativeTarget section */

/* Begin PBXProject section */
		3FA43EBA23AC40F8005E320F /* Project object */ = {
			isa = PBXProject;
			attributes = {
				LastSwiftUpdateCheck = 1110;
				LastUpgradeCheck = 1110;
				ORGANIZATIONNAME = "Ana e Leo Corp";
				TargetAttributes = {
					3FA43EC123AC40F8005E320F = {
						CreatedOnToolsVersion = 11.1;
					};
				};
			};
			buildConfigurationList = 3FA43EBD23AC40F8005E320F /* Build configuration list for PBXProject "project3review" */;
			compatibilityVersion = "Xcode 9.3";
			developmentRegion = en;
			hasScannedForEncodings = 0;
			knownRegions = (
				en,
				Base,
			);
			mainGroup = 3FA43EB923AC40F8005E320F;
			productRefGroup = 3FA43EC323AC40F8005E320F /* Products */;
			projectDirPath = "";
			projectRoot = "";
			targets = (
				3FA43EC123AC40F8005E320F /* project3review */,
			);
		};
/* End PBXProject section */

/* Begin PBXResourcesBuildPhase section */
		3FA43EC023AC40F8005E320F /* Resources */ = {
			isa = PBXResourcesBuildPhase;
			buildActionMask = 2147483647;
			files = (
				3FA43ED223AC40FD005E320F /* LaunchScreen.storyboard in Resources */,
				3FA43ECF23AC40FD005E320F /* Assets.xcassets in Resources */,
				3FA43ECD23AC40F8005E320F /* Main.storyboard in Resources */,
			);
			runOnlyForDeploymentPostprocessing = 0;
		};
/* End PBXResourcesBuildPhase section */

/* Begin PBXSourcesBuildPhase section */
		3FA43EBE23AC40F8005E320F /* Sources */ = {
			isa = PBXSourcesBuildPhase;
			buildActionMask = 2147483647;
			files = (
				3FA43ECA23AC40F8005E320F /* ViewController.swift in Sources */,
				3FA43EDA23AC4E79005E320F /* FlagDetailViewController.swift in Sources */,
				3FA43EC623AC40F8005E320F /* AppDelegate.swift in Sources */,
				3FA43EC823AC40F8005E320F /* SceneDelegate.swift in Sources */,
			);
			runOnlyForDeploymentPostprocessing = 0;
		};
/* End PBXSourcesBuildPhase section */

/* Begin PBXVariantGroup section */
		3FA43ECB23AC40F8005E320F /* Main.storyboard */ = {
			isa = PBXVariantGroup;
			children = (
				3FA43ECC23AC40F8005E320F /* Base */,
			);
			name = Main.storyboard;
			sourceTree = "<group>";
		};
		3FA43ED023AC40FD005E320F /* LaunchScreen.storyboard */ = {
			isa = PBXVariantGroup;
			children = (
				3FA43ED123AC40FD005E320F /* Base */,
			);
			name = LaunchScreen.storyboard;
			sourceTree = "<group>";
		};
/* End PBXVariantGroup section */

/* Begin XCBuildConfiguration section */
		3FA43ED423AC40FD005E320F /* Debug */ = {
			isa = XCBuildConfiguration;
			buildSettings = {
				ALWAYS_SEARCH_USER_PATHS = NO;
				CLANG_ANALYZER_NONNULL = YES;
				CLANG_ANALYZER_NUMBER_OBJECT_CONVERSION = YES_AGGRESSIVE;
				CLANG_CXX_LANGUAGE_STANDARD = "gnu++14";
				CLANG_CXX_LIBRARY = "libc++";
				CLANG_ENABLE_MODULES = YES;
				CLANG_ENABLE_OBJC_ARC = YES;
				CLANG_ENABLE_OBJC_WEAK = YES;
				CLANG_WARN_BLOCK_CAPTURE_AUTORELEASING = YES;
				CLANG_WARN_BOOL_CONVERSION = YES;
				CLANG_WARN_COMMA = YES;
				CLANG_WARN_CONSTANT_CONVERSION = YES;
				CLANG_WARN_DEPRECATED_OBJC_IMPLEMENTATIONS = YES;
				CLANG_WARN_DIRECT_OBJC_ISA_USAGE = YES_ERROR;
				CLANG_WARN_DOCUMENTATION_COMMENTS = YES;
				CLANG_WARN_EMPTY_BODY = YES;
				CLANG_WARN_ENUM_CONVERSION = YES;
				CLANG_WARN_INFINITE_RECURSION = YES;
				CLANG_WARN_INT_CONVERSION = YES;
				CLANG_WARN_NON_LITERAL_NULL_CONVERSION = YES;
				CLANG_WARN_OBJC_IMPLICIT_RETAIN_SELF = YES;
				CLANG_WARN_OBJC_LITERAL_CONVERSION = YES;
				CLANG_WARN_OBJC_ROOT_CLASS = YES_ERROR;
				CLANG_WARN_RANGE_LOOP_ANALYSIS = YES;
				CLANG_WARN_STRICT_PROTOTYPES = YES;
				CLANG_WARN_SUSPICIOUS_MOVE = YES;
				CLANG_WARN_UNGUARDED_AVAILABILITY = YES_AGGRESSIVE;
				CLANG_WARN_UNREACHABLE_CODE = YES;
				CLANG_WARN__DUPLICATE_METHOD_MATCH = YES;
				COPY_PHASE_STRIP = NO;
				DEBUG_INFORMATION_FORMAT = dwarf;
				ENABLE_STRICT_OBJC_MSGSEND = YES;
				ENABLE_TESTABILITY = YES;
				GCC_C_LANGUAGE_STANDARD = gnu11;
				GCC_DYNAMIC_NO_PIC = NO;
				GCC_NO_COMMON_BLOCKS = YES;
				GCC_OPTIMIZATION_LEVEL = 0;
				GCC_PREPROCESSOR_DEFINITIONS = (
					"DEBUG=1",
					"$(inherited)",
				);
				GCC_WARN_64_TO_32_BIT_CONVERSION = YES;
				GCC_WARN_ABOUT_RETURN_TYPE = YES_ERROR;
				GCC_WARN_UNDECLARED_SELECTOR = YES;
				GCC_WARN_UNINITIALIZED_AUTOS = YES_AGGRESSIVE;
				GCC_WARN_UNUSED_FUNCTION = YES;
				GCC_WARN_UNUSED_VARIABLE = YES;
				IPHONEOS_DEPLOYMENT_TARGET = 13.1;
				MTL_ENABLE_DEBUG_INFO = INCLUDE_SOURCE;
				MTL_FAST_MATH = YES;
				ONLY_ACTIVE_ARCH = YES;
				SDKROOT = iphoneos;
				SWIFT_ACTIVE_COMPILATION_CONDITIONS = DEBUG;
				SWIFT_OPTIMIZATION_LEVEL = "-Onone";
			};
			name = Debug;
		};
		3FA43ED523AC40FD005E320F /* Release */ = {
			isa = XCBuildConfiguration;
			buildSettings = {
				ALWAYS_SEARCH_USER_PATHS = NO;
				CLANG_ANALYZER_NONNULL = YES;
				CLANG_ANALYZER_NUMBER_OBJECT_CONVERSION = YES_AGGRESSIVE;
				CLANG_CXX_LANGUAGE_STANDARD = "gnu++14";
				CLANG_CXX_LIBRARY = "libc++";
				CLANG_ENABLE_MODULES = YES;
				CLANG_ENABLE_OBJC_ARC = YES;
				CLANG_ENABLE_OBJC_WEAK = YES;
				CLANG_WARN_BLOCK_CAPTURE_AUTORELEASING = YES;
				CLANG_WARN_BOOL_CONVERSION = YES;
				CLANG_WARN_COMMA = YES;
				CLANG_WARN_CONSTANT_CONVERSION = YES;
				CLANG_WARN_DEPRECATED_OBJC_IMPLEMENTATIONS = YES;
				CLANG_WARN_DIRECT_OBJC_ISA_USAGE = YES_ERROR;
				CLANG_WARN_DOCUMENTATION_COMMENTS = YES;
				CLANG_WARN_EMPTY_BODY = YES;
				CLANG_WARN_ENUM_CONVERSION = YES;
				CLANG_WARN_INFINITE_RECURSION = YES;
				CLANG_WARN_INT_CONVERSION = YES;
				CLANG_WARN_NON_LITERAL_NULL_CONVERSION = YES;
				CLANG_WARN_OBJC_IMPLICIT_RETAIN_SELF = YES;
				CLANG_WARN_OBJC_LITERAL_CONVERSION = YES;
				CLANG_WARN_OBJC_ROOT_CLASS = YES_ERROR;
				CLANG_WARN_RANGE_LOOP_ANALYSIS = YES;
				CLANG_WARN_STRICT_PROTOTYPES = YES;
				CLANG_WARN_SUSPICIOUS_MOVE = YES;
				CLANG_WARN_UNGUARDED_AVAILABILITY = YES_AGGRESSIVE;
				CLANG_WARN_UNREACHABLE_CODE = YES;
				CLANG_WARN__DUPLICATE_METHOD_MATCH = YES;
				COPY_PHASE_STRIP = NO;
				DEBUG_INFORMATION_FORMAT = "dwarf-with-dsym";
				ENABLE_NS_ASSERTIONS = NO;
				ENABLE_STRICT_OBJC_MSGSEND = YES;
				GCC_C_LANGUAGE_STANDARD = gnu11;
				GCC_NO_COMMON_BLOCKS = YES;
				GCC_WARN_64_TO_32_BIT_CONVERSION = YES;
				GCC_WARN_ABOUT_RETURN_TYPE = YES_ERROR;
				GCC_WARN_UNDECLARED_SELECTOR = YES;
				GCC_WARN_UNINITIALIZED_AUTOS = YES_AGGRESSIVE;
				GCC_WARN_UNUSED_FUNCTION = YES;
				GCC_WARN_UNUSED_VARIABLE = YES;
				IPHONEOS_DEPLOYMENT_TARGET = 13.1;
				MTL_ENABLE_DEBUG_INFO = NO;
				MTL_FAST_MATH = YES;
				SDKROOT = iphoneos;
				SWIFT_COMPILATION_MODE = wholemodule;
				SWIFT_OPTIMIZATION_LEVEL = "-O";
				VALIDATE_PRODUCT = YES;
			};
			name = Release;
		};
		3FA43ED723AC40FD005E320F /* Debug */ = {
			isa = XCBuildConfiguration;
			buildSettings = {
				ASSETCATALOG_COMPILER_APPICON_NAME = AppIcon;
				CODE_SIGN_STYLE = Automatic;
				DEVELOPMENT_TEAM = V53CJ86VCG;
				INFOPLIST_FILE = project3review/Info.plist;
				LD_RUNPATH_SEARCH_PATHS = (
					"$(inherited)",
					"@executable_path/Frameworks",
				);
				PRODUCT_BUNDLE_IDENTIFIER = com.examples.project3review;
				PRODUCT_NAME = "$(TARGET_NAME)";
				SWIFT_VERSION = 5.0;
				TARGETED_DEVICE_FAMILY = "1,2";
			};
			name = Debug;
		};
		3FA43ED823AC40FD005E320F /* Release */ = {
			isa = XCBuildConfiguration;
			buildSettings = {
				ASSETCATALOG_COMPILER_APPICON_NAME = AppIcon;
				CODE_SIGN_STYLE = Automatic;
				DEVELOPMENT_TEAM = V53CJ86VCG;
				INFOPLIST_FILE = project3review/Info.plist;
				LD_RUNPATH_SEARCH_PATHS = (
					"$(inherited)",
					"@executable_path/Frameworks",
				);
				PRODUCT_BUNDLE_IDENTIFIER = com.examples.project3review;
				PRODUCT_NAME = "$(TARGET_NAME)";
				SWIFT_VERSION = 5.0;
				TARGETED_DEVICE_FAMILY = "1,2";
			};
			name = Release;
		};
/* End XCBuildConfiguration section */

/* Begin XCConfigurationList section */
		3FA43EBD23AC40F8005E320F /* Build configuration list for PBXProject "project3review" */ = {
			isa = XCConfigurationList;
			buildConfigurations = (
				3FA43ED423AC40FD005E320F /* Debug */,
				3FA43ED523AC40FD005E320F /* Release */,
			);
			defaultConfigurationIsVisible = 0;
			defaultConfigurationName = Release;
		};
		3FA43ED623AC40FD005E320F /* Build configuration list for PBXNativeTarget "project3review" */ = {
			isa = XCConfigurationList;
			buildConfigurations = (
				3FA43ED723AC40FD005E320F /* Debug */,
				3FA43ED823AC40FD005E320F /* Release */,
			);
			defaultConfigurationIsVisible = 0;
			defaultConfigurationName = Release;
		};
/* End XCConfigurationList section */
	};
	rootObject = 3FA43EBA23AC40F8005E320F /* Project object */;
}
